
Microsoft Visual Studio Solution File, Format Version 12.00
# Visual Studio Version 17
VisualStudioVersion = 17.7.34031.279
MinimumVisualStudioVersion = 10.0.40219.1
Project("{FAE04EC0-301F-11D3-BF4B-00C04F79EFBC}") = "AdventureWorks", "AdventureWorks.csproj", "{086CDC5A-646E-4B7D-8A66-22DAC63D29C6}"
EndProject
Global
	GlobalSection(SolutionConfigurationPlatforms) = preSolution
		Debug|Any CPU = Debug|Any CPU
		Release|Any CPU = Release|Any CPU
	EndGlobalSection
	GlobalSection(ProjectConfigurationPlatforms) = postSolution
		{086CDC5A-646E-4B7D-8A66-22DAC63D29C6}.Debug|Any CPU.ActiveCfg = Debug|Any CPU
		{086CDC5A-646E-4B7D-8A66-22DAC63D29C6}.Debug|Any CPU.Build.0 = Debug|Any CPU
		{086CDC5A-646E-4B7D-8A66-22DAC63D29C6}.Release|Any CPU.ActiveCfg = Release|Any CPU
		{086CDC5A-646E-4B7D-8A66-22DAC63D29C6}.Release|Any CPU.Build.0 = Release|Any CPU
	EndGlobalSection
	GlobalSection(SolutionProperties) = preSolution
		HideSolutionNode = FALSE
	EndGlobalSection
	GlobalSection(ExtensibilityGlobals) = postSolution
		SolutionGuid = {4F43FED0-EB8F-447B-AA80-8379DE103702}
	EndGlobalSection
EndGlobal
